
Microsoft Visual Studio Solution File, Format Version 12.00
# Visual Studio Version 17
VisualStudioVersion = 17.5.33502.453
MinimumVisualStudioVersion = 10.0.40219.1
Project("{FAE04EC0-301F-11D3-BF4B-00C04F79EFBC}") = "MatchingGame", "MatchingGame.csproj", "{8E258D94-0A18-4053-B3F7-A770966151E4}"
EndProject
Global
	GlobalSection(SolutionConfigurationPlatforms) = preSolution
		Debug|Any CPU = Debug|Any CPU
		Release|Any CPU = Release|Any CPU
	EndGlobalSection
	GlobalSection(ProjectConfigurationPlatforms) = postSolution
		{8E258D94-0A18-4053-B3F7-A770966151E4}.Debug|Any CPU.ActiveCfg = Debug|Any CPU
		{8E258D94-0A18-4053-B3F7-A770966151E4}.Debug|Any CPU.Build.0 = Debug|Any CPU
		{8E258D94-0A18-4053-B3F7-A770966151E4}.Release|Any CPU.ActiveCfg = Release|Any CPU
		{8E258D94-0A18-4053-B3F7-A770966151E4}.Release|Any CPU.Build.0 = Release|Any CPU
	EndGlobalSection
	GlobalSection(SolutionProperties) = preSolution
		HideSolutionNode = FALSE
	EndGlobalSection
	GlobalSection(ExtensibilityGlobals) = postSolution
		SolutionGuid = {AD98ADCC-B380-4160-BE59-819EDA8FC8F8}
	EndGlobalSection
EndGlobal
